
Microsoft Visual Studio Solution File, Format Version 12.00
# Visual Studio Version 17
VisualStudioVersion = 17.14.36212.18 d17.14
MinimumVisualStudioVersion = 10.0.40219.1
Project("{888888A0-9F3D-457C-B088-3A5042F75D52}") = "PYPROJECT", "PYPROJECT\PYPROJECT.pyproj", "{2303E330-403F-4D34-89A6-F58261780B7D}"
EndProject
Global
	GlobalSection(SolutionConfigurationPlatforms) = preSolution
		Debug|Any CPU = Debug|Any CPU
		Release|Any CPU = Release|Any CPU
	EndGlobalSection
	GlobalSection(ProjectConfigurationPlatforms) = postSolution
		{2303E330-403F-4D34-89A6-F58261780B7D}.Debug|Any CPU.ActiveCfg = Debug|Any CPU
		{2303E330-403F-4D34-89A6-F58261780B7D}.Release|Any CPU.ActiveCfg = Release|Any CPU
	EndGlobalSection
	GlobalSection(SolutionProperties) = preSolution
		HideSolutionNode = FALSE
	EndGlobalSection
	GlobalSection(ExtensibilityGlobals) = postSolution
		SolutionGuid = {2BD251B7-457B-433C-8ECC-C62C3E298CCB}
	EndGlobalSection
EndGlobal
